
Microsoft Visual Studio Solution File, Format Version 12.00
# Visual Studio Version 16
VisualStudioVersion = 16.0.30413.136
MinimumVisualStudioVersion = 10.0.40219.1
Project("{FAE04EC0-301F-11D3-BF4B-00C04F79EFBC}") = "DocumentFinderApp", "DocumentFinderApp\DocumentFinderApp.csproj", "{759CFBE5-3B4B-43E9-A7D0-CB228744031C}"
EndProject
Global
	GlobalSection(SolutionConfigurationPlatforms) = preSolution
		Debug|Any CPU = Debug|Any CPU
		Release|Any CPU = Release|Any CPU
	EndGlobalSection
	GlobalSection(ProjectConfigurationPlatforms) = postSolution
		{759CFBE5-3B4B-43E9-A7D0-CB228744031C}.Debug|Any CPU.ActiveCfg = Debug|Any CPU
		{759CFBE5-3B4B-43E9-A7D0-CB228744031C}.Debug|Any CPU.Build.0 = Debug|Any CPU
		{759CFBE5-3B4B-43E9-A7D0-CB228744031C}.Release|Any CPU.ActiveCfg = Release|Any CPU
		{759CFBE5-3B4B-43E9-A7D0-CB228744031C}.Release|Any CPU.Build.0 = Release|Any CPU
	EndGlobalSection
	GlobalSection(SolutionProperties) = preSolution
		HideSolutionNode = FALSE
	EndGlobalSection
	GlobalSection(ExtensibilityGlobals) = postSolution
		SolutionGuid = {4D5C11A5-292D-4117-8D70-96D4A01A11F8}
	EndGlobalSection
EndGlobal
